// !$*UTF8*$!
{
	archiveVersion = 1;
	classes = {
	};
	objectVersion = 46;
	objects = {

/* Begin PBXBuildFile section */
		E66377EB1ADAA39E004A2A6E /* AppDelegate.swift in Sources */ = {isa = PBXBuildFile; fileRef = E66377EA1ADAA39E004A2A6E /* AppDelegate.swift */; };
		E66377ED1ADAA39E004A2A6E /* BreakoutViewController.swift in Sources */ = {isa = PBXBuildFile; fileRef = E66377EC1ADAA39E004A2A6E /* BreakoutViewController.swift */; };
		E66377F01ADAA39E004A2A6E /* Main.storyboard in Resources */ = {isa = PBXBuildFile; fileRef = E66377EE1ADAA39E004A2A6E /* Main.storyboard */; };
		E66377F21ADAA39E004A2A6E /* Images.xcassets in Resources */ = {isa = PBXBuildFile; fileRef = E66377F11ADAA39E004A2A6E /* Images.xcassets */; };
		E66377F51ADAA39E004A2A6E /* LaunchScreen.xib in Resources */ = {isa = PBXBuildFile; fileRef = E66377F31ADAA39E004A2A6E /* LaunchScreen.xib */; };
		E66378011ADAA39E004A2A6E /* BreakoutTests.swift in Sources */ = {isa = PBXBuildFile; fileRef = E66378001ADAA39E004A2A6E /* BreakoutTests.swift */; };
		E663780B1ADAA401004A2A6E /* BallBehavior.swift in Sources */ = {isa = PBXBuildFile; fileRef = E663780A1ADAA401004A2A6E /* BallBehavior.swift */; };
		E663780F1ADAA50D004A2A6E /* GameView.swift in Sources */ = {isa = PBXBuildFile; fileRef = E663780E1ADAA50D004A2A6E /* GameView.swift */; };
/* End PBXBuildFile section */

/* Begin PBXContainerItemProxy section */
		E66377FB1ADAA39E004A2A6E /* PBXContainerItemProxy */ = {
			isa = PBXContainerItemProxy;
			containerPortal = E66377DD1ADAA39E004A2A6E /* Project object */;
			proxyType = 1;
			remoteGlobalIDString = E66377E41ADAA39E004A2A6E;
			remoteInfo = Breakout;
		};
/* End PBXContainerItemProxy section */

/* Begin PBXFileReference section */
		E66377E51ADAA39E004A2A6E /* Breakout.app */ = {isa = PBXFileReference; explicitFileType = wrapper.application; includeInIndex = 0; path = Breakout.app; sourceTree = BUILT_PRODUCTS_DIR; };
		E66377E91ADAA39E004A2A6E /* Info.plist */ = {isa = PBXFileReference; lastKnownFileType = text.plist.xml; path = Info.plist; sourceTree = "<group>"; };
		E66377EA1ADAA39E004A2A6E /* AppDelegate.swift */ = {isa = PBXFileReference; lastKnownFileType = sourcecode.swift; path = AppDelegate.swift; sourceTree = "<group>"; };
		E66377EC1ADAA39E004A2A6E /* BreakoutViewController.swift */ = {isa = PBXFileReference; lastKnownFileType = sourcecode.swift; path = BreakoutViewController.swift; sourceTree = "<group>"; };
		E66377EF1ADAA39E004A2A6E /* Base */ = {isa = PBXFileReference; lastKnownFileType = file.storyboard; name = Base; path = Base.lproj/Main.storyboard; sourceTree = "<group>"; };
		E66377F11ADAA39E004A2A6E /* Images.xcassets */ = {isa = PBXFileReference; lastKnownFileType = folder.assetcatalog; path = Images.xcassets; sourceTree = "<group>"; };
		E66377F41ADAA39E004A2A6E /* Base */ = {isa = PBXFileReference; lastKnownFileType = file.xib; name = Base; path = Base.lproj/LaunchScreen.xib; sourceTree = "<group>"; };
		E66377FA1ADAA39E004A2A6E /* BreakoutTests.xctest */ = {isa = PBXFileReference; explicitFileType = wrapper.cfbundle; includeInIndex = 0; path = BreakoutTests.xctest; sourceTree = BUILT_PRODUCTS_DIR; };
		E66377FF1ADAA39E004A2A6E /* Info.plist */ = {isa = PBXFileReference; lastKnownFileType = text.plist.xml; path = Info.plist; sourceTree = "<group>"; };
		E66378001ADAA39E004A2A6E /* BreakoutTests.swift */ = {isa = PBXFileReference; lastKnownFileType = sourcecode.swift; path = BreakoutTests.swift; sourceTree = "<group>"; };
		E663780A1ADAA401004A2A6E /* BallBehavior.swift */ = {isa = PBXFileReference; fileEncoding = 4; lastKnownFileType = sourcecode.swift; path = BallBehavior.swift; sourceTree = "<group>"; };
		E663780E1ADAA50D004A2A6E /* GameView.swift */ = {isa = PBXFileReference; fileEncoding = 4; lastKnownFileType = sourcecode.swift; path = GameView.swift; sourceTree = "<group>"; };
/* End PBXFileReference section */

/* Begin PBXFrameworksBuildPhase section */
		E66377E21ADAA39E004A2A6E /* Frameworks */ = {
			isa = PBXFrameworksBuildPhase;
			buildActionMask = 2147483647;
			files = (
			);
			runOnlyForDeploymentPostprocessing = 0;
		};
		E66377F71ADAA39E004A2A6E /* Frameworks */ = {
			isa = PBXFrameworksBuildPhase;
			buildActionMask = 2147483647;
			files = (
			);
			runOnlyForDeploymentPostprocessing = 0;
		};
/* End PBXFrameworksBuildPhase section */

/* Begin PBXGroup section */
		E66377DC1ADAA39E004A2A6E = {
			isa = PBXGroup;
			children = (
				E66377E71ADAA39E004A2A6E /* Breakout */,
				E66377FD1ADAA39E004A2A6E /* BreakoutTests */,
				E66377E61ADAA39E004A2A6E /* Products */,
			);
			sourceTree = "<group>";
		};
		E66377E61ADAA39E004A2A6E /* Products */ = {
			isa = PBXGroup;
			children = (
				E66377E51ADAA39E004A2A6E /* Breakout.app */,
				E66377FA1ADAA39E004A2A6E /* BreakoutTests.xctest */,
			);
			name = Products;
			sourceTree = "<group>";
		};
		E66377E71ADAA39E004A2A6E /* Breakout */ = {
			isa = PBXGroup;
			children = (
				E663780D1ADAA4F2004A2A6E /* Views */,
				E663780C1ADAA404004A2A6E /* Behaviors */,
				E66377EA1ADAA39E004A2A6E /* AppDelegate.swift */,
				E66377EC1ADAA39E004A2A6E /* BreakoutViewController.swift */,
				E66377EE1ADAA39E004A2A6E /* Main.storyboard */,
				E66377F11ADAA39E004A2A6E /* Images.xcassets */,
				E66377F31ADAA39E004A2A6E /* LaunchScreen.xib */,
				E66377E81ADAA39E004A2A6E /* Supporting Files */,
			);
			path = Breakout;
			sourceTree = "<group>";
		};
		E66377E81ADAA39E004A2A6E /* Supporting Files */ = {
			isa = PBXGroup;
			children = (
				E66377E91ADAA39E004A2A6E /* Info.plist */,
			);
			name = "Supporting Files";
			sourceTree = "<group>";
		};
		E66377FD1ADAA39E004A2A6E /* BreakoutTests */ = {
			isa = PBXGroup;
			children = (
				E66378001ADAA39E004A2A6E /* BreakoutTests.swift */,
				E66377FE1ADAA39E004A2A6E /* Supporting Files */,
			);
			path = BreakoutTests;
			sourceTree = "<group>";
		};
		E66377FE1ADAA39E004A2A6E /* Supporting Files */ = {
			isa = PBXGroup;
			children = (
				E66377FF1ADAA39E004A2A6E /* Info.plist */,
			);
			name = "Supporting Files";
			sourceTree = "<group>";
		};
		E663780C1ADAA404004A2A6E /* Behaviors */ = {
			isa = PBXGroup;
			children = (
				E663780A1ADAA401004A2A6E /* BallBehavior.swift */,
			);
			name = Behaviors;
			sourceTree = "<group>";
		};
		E663780D1ADAA4F2004A2A6E /* Views */ = {
			isa = PBXGroup;
			children = (
				E663780E1ADAA50D004A2A6E /* GameView.swift */,
			);
			name = Views;
			sourceTree = "<group>";
		};
/* End PBXGroup section */

/* Begin PBXNativeTarget section */
		E66377E41ADAA39E004A2A6E /* Breakout */ = {
			isa = PBXNativeTarget;
			buildConfigurationList = E66378041ADAA39E004A2A6E /* Build configuration list for PBXNativeTarget "Breakout" */;
			buildPhases = (
				E66377E11ADAA39E004A2A6E /* Sources */,
				E66377E21ADAA39E004A2A6E /* Frameworks */,
				E66377E31ADAA39E004A2A6E /* Resources */,
			);
			buildRules = (
			);
			dependencies = (
			);
			name = Breakout;
			productName = Breakout;
			productReference = E66377E51ADAA39E004A2A6E /* Breakout.app */;
			productType = "com.apple.product-type.application";
		};
		E66377F91ADAA39E004A2A6E /* BreakoutTests */ = {
			isa = PBXNativeTarget;
			buildConfigurationList = E66378071ADAA39E004A2A6E /* Build configuration list for PBXNativeTarget "BreakoutTests" */;
			buildPhases = (
				E66377F61ADAA39E004A2A6E /* Sources */,
				E66377F71ADAA39E004A2A6E /* Frameworks */,
				E66377F81ADAA39E004A2A6E /* Resources */,
			);
			buildRules = (
			);
			dependencies = (
				E66377FC1ADAA39E004A2A6E /* PBXTargetDependency */,
			);
			name = BreakoutTests;
			productName = BreakoutTests;
			productReference = E66377FA1ADAA39E004A2A6E /* BreakoutTests.xctest */;
			productType = "com.apple.product-type.bundle.unit-test";
		};
/* End PBXNativeTarget section */

/* Begin PBXProject section */
		E66377DD1ADAA39E004A2A6E /* Project object */ = {
			isa = PBXProject;
			attributes = {
				LastUpgradeCheck = 0630;
				ORGANIZATIONNAME = "Géza Mikló";
				TargetAttributes = {
					E66377E41ADAA39E004A2A6E = {
						CreatedOnToolsVersion = 6.3;
					};
					E66377F91ADAA39E004A2A6E = {
						CreatedOnToolsVersion = 6.3;
						TestTargetID = E66377E41ADAA39E004A2A6E;
					};
				};
			};
			buildConfigurationList = E66377E01ADAA39E004A2A6E /* Build configuration list for PBXProject "Breakout" */;
			compatibilityVersion = "Xcode 3.2";
			developmentRegion = English;
			hasScannedForEncodings = 0;
			knownRegions = (
				en,
				Base,
			);
			mainGroup = E66377DC1ADAA39E004A2A6E;
			productRefGroup = E66377E61ADAA39E004A2A6E /* Products */;
			projectDirPath = "";
			projectRoot = "";
			targets = (
				E66377E41ADAA39E004A2A6E /* Breakout */,
				E66377F91ADAA39E004A2A6E /* BreakoutTests */,
			);
		};
/* End PBXProject section */

/* Begin PBXResourcesBuildPhase section */
		E66377E31ADAA39E004A2A6E /* Resources */ = {
			isa = PBXResourcesBuildPhase;
			buildActionMask = 2147483647;
			files = (
				E66377F01ADAA39E004A2A6E /* Main.storyboard in Resources */,
				E66377F51ADAA39E004A2A6E /* LaunchScreen.xib in Resources */,
				E66377F21ADAA39E004A2A6E /* Images.xcassets in Resources */,
			);
			runOnlyForDeploymentPostprocessing = 0;
		};
		E66377F81ADAA39E004A2A6E /* Resources */ = {
			isa = PBXResourcesBuildPhase;
			buildActionMask = 2147483647;
			files = (
			);
			runOnlyForDeploymentPostprocessing = 0;
		};
/* End PBXResourcesBuildPhase section */

/* Begin PBXSourcesBuildPhase section */
		E66377E11ADAA39E004A2A6E /* Sources */ = {
			isa = PBXSourcesBuildPhase;
			buildActionMask = 2147483647;
			files = (
				E66377ED1ADAA39E004A2A6E /* BreakoutViewController.swift in Sources */,
				E66377EB1ADAA39E004A2A6E /* AppDelegate.swift in Sources */,
				E663780F1ADAA50D004A2A6E /* GameView.swift in Sources */,
				E663780B1ADAA401004A2A6E /* BallBehavior.swift in Sources */,
			);
			runOnlyForDeploymentPostprocessing = 0;
		};
		E66377F61ADAA39E004A2A6E /* Sources */ = {
			isa = PBXSourcesBuildPhase;
			buildActionMask = 2147483647;
			files = (
				E66378011ADAA39E004A2A6E /* BreakoutTests.swift in Sources */,
			);
			runOnlyForDeploymentPostprocessing = 0;
		};
/* End PBXSourcesBuildPhase section */

/* Begin PBXTargetDependency section */
		E66377FC1ADAA39E004A2A6E /* PBXTargetDependency */ = {
			isa = PBXTargetDependency;
			target = E66377E41ADAA39E004A2A6E /* Breakout */;
			targetProxy = E66377FB1ADAA39E004A2A6E /* PBXContainerItemProxy */;
		};
/* End PBXTargetDependency section */

/* Begin PBXVariantGroup section */
		E66377EE1ADAA39E004A2A6E /* Main.storyboard */ = {
			isa = PBXVariantGroup;
			children = (
				E66377EF1ADAA39E004A2A6E /* Base */,
			);
			name = Main.storyboard;
			sourceTree = "<group>";
		};
		E66377F31ADAA39E004A2A6E /* LaunchScreen.xib */ = {
			isa = PBXVariantGroup;
			children = (
				E66377F41ADAA39E004A2A6E /* Base */,
			);
			name = LaunchScreen.xib;
			sourceTree = "<group>";
		};
/* End PBXVariantGroup section */

/* Begin XCBuildConfiguration section */
		E66378021ADAA39E004A2A6E /* Debug */ = {
			isa = XCBuildConfiguration;
			buildSettings = {
				ALWAYS_SEARCH_USER_PATHS = NO;
				CLANG_CXX_LANGUAGE_STANDARD = "gnu++0x";
				CLANG_CXX_LIBRARY = "libc++";
				CLANG_ENABLE_MODULES = YES;
				CLANG_ENABLE_OBJC_ARC = YES;
				CLANG_WARN_BOOL_CONVERSION = YES;
				CLANG_WARN_CONSTANT_CONVERSION = YES;
				CLANG_WARN_DIRECT_OBJC_ISA_USAGE = YES_ERROR;
				CLANG_WARN_EMPTY_BODY = YES;
				CLANG_WARN_ENUM_CONVERSION = YES;
				CLANG_WARN_INT_CONVERSION = YES;
				CLANG_WARN_OBJC_ROOT_CLASS = YES_ERROR;
				CLANG_WARN_UNREACHABLE_CODE = YES;
				CLANG_WARN__DUPLICATE_METHOD_MATCH = YES;
				"CODE_SIGN_IDENTITY[sdk=iphoneos*]" = "iPhone Developer";
				COPY_PHASE_STRIP = NO;
				DEBUG_INFORMATION_FORMAT = "dwarf-with-dsym";
				ENABLE_STRICT_OBJC_MSGSEND = YES;
				GCC_C_LANGUAGE_STANDARD = gnu99;
				GCC_DYNAMIC_NO_PIC = NO;
				GCC_NO_COMMON_BLOCKS = YES;
				GCC_OPTIMIZATION_LEVEL = 0;
				GCC_PREPROCESSOR_DEFINITIONS = (
					"DEBUG=1",
					"$(inherited)",
				);
				GCC_SYMBOLS_PRIVATE_EXTERN = NO;
				GCC_WARN_64_TO_32_BIT_CONVERSION = YES;
				GCC_WARN_ABOUT_RETURN_TYPE = YES_ERROR;
				GCC_WARN_UNDECLARED_SELECTOR = YES;
				GCC_WARN_UNINITIALIZED_AUTOS = YES_AGGRESSIVE;
				GCC_WARN_UNUSED_FUNCTION = YES;
				GCC_WARN_UNUSED_VARIABLE = YES;
				IPHONEOS_DEPLOYMENT_TARGET = 8.3;
				MTL_ENABLE_DEBUG_INFO = YES;
				ONLY_ACTIVE_ARCH = YES;
				SDKROOT = iphoneos;
				SWIFT_OPTIMIZATION_LEVEL = "-Onone";
				TARGETED_DEVICE_FAMILY = "1,2";
			};
			name = Debug;
		};
		E66378031ADAA39E004A2A6E /* Release */ = {
			isa = XCBuildConfiguration;
			buildSettings = {
				ALWAYS_SEARCH_USER_PATHS = NO;
				CLANG_CXX_LANGUAGE_STANDARD = "gnu++0x";
				CLANG_CXX_LIBRARY = "libc++";
				CLANG_ENABLE_MODULES = YES;
				CLANG_ENABLE_OBJC_ARC = YES;
				CLANG_WARN_BOOL_CONVERSION = YES;
				CLANG_WARN_CONSTANT_CONVERSION = YES;
				CLANG_WARN_DIRECT_OBJC_ISA_USAGE = YES_ERROR;
				CLANG_WARN_EMPTY_BODY = YES;
				CLANG_WARN_ENUM_CONVERSION = YES;
				CLANG_WARN_INT_CONVERSION = YES;
				CLANG_WARN_OBJC_ROOT_CLASS = YES_ERROR;
				CLANG_WARN_UNREACHABLE_CODE = YES;
				CLANG_WARN__DUPLICATE_METHOD_MATCH = YES;
				"CODE_SIGN_IDENTITY[sdk=iphoneos*]" = "iPhone Developer";
				COPY_PHASE_STRIP = NO;
				DEBUG_INFORMATION_FORMAT = "dwarf-with-dsym";
				ENABLE_NS_ASSERTIONS = NO;
				ENABLE_STRICT_OBJC_MSGSEND = YES;
				GCC_C_LANGUAGE_STANDARD = gnu99;
				GCC_NO_COMMON_BLOCKS = YES;
				GCC_WARN_64_TO_32_BIT_CONVERSION = YES;
				GCC_WARN_ABOUT_RETURN_TYPE = YES_ERROR;
				GCC_WARN_UNDECLARED_SELECTOR = YES;
				GCC_WARN_UNINITIALIZED_AUTOS = YES_AGGRESSIVE;
				GCC_WARN_UNUSED_FUNCTION = YES;
				GCC_WARN_UNUSED_VARIABLE = YES;
				IPHONEOS_DEPLOYMENT_TARGET = 8.3;
				MTL_ENABLE_DEBUG_INFO = NO;
				SDKROOT = iphoneos;
				TARGETED_DEVICE_FAMILY = "1,2";
				VALIDATE_PRODUCT = YES;
			};
			name = Release;
		};
		E66378051ADAA39E004A2A6E /* Debug */ = {
			isa = XCBuildConfiguration;
			buildSettings = {
				ASSETCATALOG_COMPILER_APPICON_NAME = AppIcon;
				INFOPLIST_FILE = Breakout/Info.plist;
				LD_RUNPATH_SEARCH_PATHS = "$(inherited) @executable_path/Frameworks";
				PRODUCT_NAME = "$(TARGET_NAME)";
			};
			name = Debug;
		};
		E66378061ADAA39E004A2A6E /* Release */ = {
			isa = XCBuildConfiguration;
			buildSettings = {
				ASSETCATALOG_COMPILER_APPICON_NAME = AppIcon;
				INFOPLIST_FILE = Breakout/Info.plist;
				LD_RUNPATH_SEARCH_PATHS = "$(inherited) @executable_path/Frameworks";
				PRODUCT_NAME = "$(TARGET_NAME)";
			};
			name = Release;
		};
		E66378081ADAA39E004A2A6E /* Debug */ = {
			isa = XCBuildConfiguration;
			buildSettings = {
				BUNDLE_LOADER = "$(TEST_HOST)";
				FRAMEWORK_SEARCH_PATHS = (
					"$(SDKROOT)/Developer/Library/Frameworks",
					"$(inherited)",
				);
				GCC_PREPROCESSOR_DEFINITIONS = (
					"DEBUG=1",
					"$(inherited)",
				);
				INFOPLIST_FILE = BreakoutTests/Info.plist;
				LD_RUNPATH_SEARCH_PATHS = "$(inherited) @executable_path/Frameworks @loader_path/Frameworks";
				PRODUCT_NAME = "$(TARGET_NAME)";
				TEST_HOST = "$(BUILT_PRODUCTS_DIR)/Breakout.app/Breakout";
			};
			name = Debug;
		};
		E66378091ADAA39E004A2A6E /* Release */ = {
			isa = XCBuildConfiguration;
			buildSettings = {
				BUNDLE_LOADER = "$(TEST_HOST)";
				FRAMEWORK_SEARCH_PATHS = (
					"$(SDKROOT)/Developer/Library/Frameworks",
					"$(inherited)",
				);
				INFOPLIST_FILE = BreakoutTests/Info.plist;
				LD_RUNPATH_SEARCH_PATHS = "$(inherited) @executable_path/Frameworks @loader_path/Frameworks";
				PRODUCT_NAME = "$(TARGET_NAME)";
				TEST_HOST = "$(BUILT_PRODUCTS_DIR)/Breakout.app/Breakout";
			};
			name = Release;
		};
/* End XCBuildConfiguration section */

/* Begin XCConfigurationList section */
		E66377E01ADAA39E004A2A6E /* Build configuration list for PBXProject "Breakout" */ = {
			isa = XCConfigurationList;
			buildConfigurations = (
				E66378021ADAA39E004A2A6E /* Debug */,
				E66378031ADAA39E004A2A6E /* Release */,
			);
			defaultConfigurationIsVisible = 0;
			defaultConfigurationName = Release;
		};
		E66378041ADAA39E004A2A6E /* Build configuration list for PBXNativeTarget "Breakout" */ = {
			isa = XCConfigurationList;
			buildConfigurations = (
				E66378051ADAA39E004A2A6E /* Debug */,
				E66378061ADAA39E004A2A6E /* Release */,
			);
			defaultConfigurationIsVisible = 0;
		};
		E66378071ADAA39E004A2A6E /* Build configuration list for PBXNativeTarget "BreakoutTests" */ = {
			isa = XCConfigurationList;
			buildConfigurations = (
				E66378081ADAA39E004A2A6E /* Debug */,
				E66378091ADAA39E004A2A6E /* Release */,
			);
			defaultConfigurationIsVisible = 0;
		};
/* End XCConfigurationList section */
	};
	rootObject = E66377DD1ADAA39E004A2A6E /* Project object */;
}
